
Microsoft Visual Studio Solution File, Format Version 12.00
# Visual Studio 2013
VisualStudioVersion = 12.0.31101.0
MinimumVisualStudioVersion = 10.0.40219.1
Project("{FAE04EC0-301F-11D3-BF4B-00C04F79EFBC}") = "LonghornMusic", "LonghornMusic\LonghornMusic.csproj", "{BC8C4C8B-DEB4-48BF-9256-CD7C5D06558A}"
EndProject
Project("{2150E333-8FDC-42A3-9474-1A3956D46DE8}") = "PublishScripts", "PublishScripts", "{D4756743-D2AF-4137-AEF6-D7D13A55A44D}"
	ProjectSection(SolutionItems) = preProject
		PublishScripts\AzureWebsitePublishModule.psm1 = PublishScripts\AzureWebsitePublishModule.psm1
		PublishScripts\Publish-WebApplicationWebsite.ps1 = PublishScripts\Publish-WebApplicationWebsite.ps1
	EndProjectSection
EndProject
Project("{2150E333-8FDC-42A3-9474-1A3956D46DE8}") = "Configurations", "Configurations", "{767028D1-390A-4634-B6FE-CC71BADDA79E}"
	ProjectSection(SolutionItems) = preProject
		PublishScripts\Configurations\LonghornMusic-WAWS-dev.json = PublishScripts\Configurations\LonghornMusic-WAWS-dev.json
	EndProjectSection
EndProject
Global
	GlobalSection(SolutionConfigurationPlatforms) = preSolution
		Debug|Any CPU = Debug|Any CPU
		Release|Any CPU = Release|Any CPU
	EndGlobalSection
	GlobalSection(ProjectConfigurationPlatforms) = postSolution
		{BC8C4C8B-DEB4-48BF-9256-CD7C5D06558A}.Debug|Any CPU.ActiveCfg = Debug|Any CPU
		{BC8C4C8B-DEB4-48BF-9256-CD7C5D06558A}.Debug|Any CPU.Build.0 = Debug|Any CPU
		{BC8C4C8B-DEB4-48BF-9256-CD7C5D06558A}.Release|Any CPU.ActiveCfg = Release|Any CPU
		{BC8C4C8B-DEB4-48BF-9256-CD7C5D06558A}.Release|Any CPU.Build.0 = Release|Any CPU
	EndGlobalSection
	GlobalSection(SolutionProperties) = preSolution
		HideSolutionNode = FALSE
	EndGlobalSection
	GlobalSection(NestedProjects) = preSolution
		{767028D1-390A-4634-B6FE-CC71BADDA79E} = {D4756743-D2AF-4137-AEF6-D7D13A55A44D}
	EndGlobalSection
EndGlobal
